
Microsoft Visual Studio Solution File, Format Version 12.00
# Visual Studio Version 16
VisualStudioVersion = 16.0.30428.66
MinimumVisualStudioVersion = 10.0.40219.1
Project("{FAE04EC0-301F-11D3-BF4B-00C04F79EFBC}") = "DeviceTunerNET", "DeviceTunerNET\DeviceTunerNET.csproj", "{9463B0A1-5B8D-4C18-9893-D62F83D1414B}"
EndProject
Project("{FAE04EC0-301F-11D3-BF4B-00C04F79EFBC}") = "DeviceTunerNET.Core", "DeviceTunerNET.Core\DeviceTunerNET.Core.csproj", "{E894DF23-8056-4B80-8707-2089566E6515}"
EndProject
Project("{2150E333-8FDC-42A3-9474-1A3956D46DE8}") = "Services", "Services", "{AA122C2F-45F2-45DE-A22F-C3292DDCCD40}"
EndProject
Project("{FAE04EC0-301F-11D3-BF4B-00C04F79EFBC}") = "DeviceTunerNET.Services", "Services\DeviceTunerNET.Services\DeviceTunerNET.Services.csproj", "{2615071C-14B0-46DB-A7DC-1637F3CAFBF1}"
EndProject
Project("{FAE04EC0-301F-11D3-BF4B-00C04F79EFBC}") = "DeviceTunerNET.Services.Interfaces", "Services\DeviceTunerNET.Services.Interfaces\DeviceTunerNET.Services.Interfaces.csproj", "{CF97FA8A-EE79-4CB1-9FF2-F6C5C3F3C0C0}"
EndProject
Project("{2150E333-8FDC-42A3-9474-1A3956D46DE8}") = "ExtendedPackages", "ExtendedPackages", "{D4375B68-4CAA-4288-B89D-8A2AE3033258}"
EndProject
Project("{2150E333-8FDC-42A3-9474-1A3956D46DE8}") = "Modules", "Modules", "{C4D757DA-7A50-4F48-976E-7CE0EEF8EA54}"
EndProject
Project("{FAE04EC0-301F-11D3-BF4B-00C04F79EFBC}") = "DeviceTunerNET.Modules.ModuleRS485", "Modules\DeviceTunerNET.Modules.ModuleRS485\DeviceTunerNET.Modules.ModuleRS485.csproj", "{A679D134-A249-4DBB-BC8E-E1F1D1A359ED}"
EndProject
Project("{FAE04EC0-301F-11D3-BF4B-00C04F79EFBC}") = "DeviceTunerNET.Modules.ModuleSwitch", "Modules\DeviceTunerNET.Modules.ModuleSwitch\DeviceTunerNET.Modules.ModuleSwitch.csproj", "{2FF824DF-74A6-40ED-9953-0222FD52045A}"
EndProject
Project("{2150E333-8FDC-42A3-9474-1A3956D46DE8}") = "SharedDataModels", "SharedDataModels", "{33B3BBFC-DE9F-43E7-82D6-A33777B90756}"
EndProject
Project("{FAE04EC0-301F-11D3-BF4B-00C04F79EFBC}") = "DeviceTunerNET.SharedDataModel", "SharedDataModels\DeviceTunerNET.SharedDataModel\DeviceTunerNET.SharedDataModel.csproj", "{3A424B22-FF53-4C43-B4E9-5BF93E32E376}"
EndProject
Project("{FAE04EC0-301F-11D3-BF4B-00C04F79EFBC}") = "MinimalisticTelnet", "ExtendedPackages\MinimalisticTelnet\MinimalisticTelnet\MinimalisticTelnet.csproj", "{D2DA0E59-7BB0-4F71-8BC5-D2B2384F04AE}"
EndProject
Project("{2150E333-8FDC-42A3-9474-1A3956D46DE8}") = "PrintModules", "PrintModules", "{A9E926B6-99CD-48D0-8A44-05AFBB41DDF6}"
EndProject
Project("{FAE04EC0-301F-11D3-BF4B-00C04F79EFBC}") = "DymoModule", "PrintModules\DymoModule\DymoModule.csproj", "{0E1EFC35-96D6-4FF4-8B4D-005426E8AC21}"
EndProject
Project("{FAE04EC0-301F-11D3-BF4B-00C04F79EFBC}") = "DeviceTunerNET.Modules.ModuleRS232", "Modules\DeviceTunerNET.Modules.ModuleRS232\DeviceTunerNET.Modules.ModuleRS232.csproj", "{874B1341-3AC9-4FF5-8E60-D78D8EEDF94B}"
EndProject
Global
	GlobalSection(SolutionConfigurationPlatforms) = preSolution
		Debug|Any CPU = Debug|Any CPU
		Debug|x64 = Debug|x64
		Debug|x86 = Debug|x86
		Release|Any CPU = Release|Any CPU
		Release|x64 = Release|x64
		Release|x86 = Release|x86
	EndGlobalSection
	GlobalSection(ProjectConfigurationPlatforms) = postSolution
		{9463B0A1-5B8D-4C18-9893-D62F83D1414B}.Debug|Any CPU.ActiveCfg = Debug|Any CPU
		{9463B0A1-5B8D-4C18-9893-D62F83D1414B}.Debug|Any CPU.Build.0 = Debug|Any CPU
		{9463B0A1-5B8D-4C18-9893-D62F83D1414B}.Debug|x64.ActiveCfg = Debug|x64
		{9463B0A1-5B8D-4C18-9893-D62F83D1414B}.Debug|x64.Build.0 = Debug|x64
		{9463B0A1-5B8D-4C18-9893-D62F83D1414B}.Debug|x86.ActiveCfg = Debug|x86
		{9463B0A1-5B8D-4C18-9893-D62F83D1414B}.Debug|x86.Build.0 = Debug|x86
		{9463B0A1-5B8D-4C18-9893-D62F83D1414B}.Release|Any CPU.ActiveCfg = Release|Any CPU
		{9463B0A1-5B8D-4C18-9893-D62F83D1414B}.Release|Any CPU.Build.0 = Release|Any CPU
		{9463B0A1-5B8D-4C18-9893-D62F83D1414B}.Release|x64.ActiveCfg = Release|x64
		{9463B0A1-5B8D-4C18-9893-D62F83D1414B}.Release|x64.Build.0 = Release|x64
		{9463B0A1-5B8D-4C18-9893-D62F83D1414B}.Release|x86.ActiveCfg = Release|x86
		{9463B0A1-5B8D-4C18-9893-D62F83D1414B}.Release|x86.Build.0 = Release|x86
		{E894DF23-8056-4B80-8707-2089566E6515}.Debug|Any CPU.ActiveCfg = Debug|Any CPU
		{E894DF23-8056-4B80-8707-2089566E6515}.Debug|Any CPU.Build.0 = Debug|Any CPU
		{E894DF23-8056-4B80-8707-2089566E6515}.Debug|x64.ActiveCfg = Debug|x64
		{E894DF23-8056-4B80-8707-2089566E6515}.Debug|x64.Build.0 = Debug|x64
		{E894DF23-8056-4B80-8707-2089566E6515}.Debug|x86.ActiveCfg = Debug|x86
		{E894DF23-8056-4B80-8707-2089566E6515}.Debug|x86.Build.0 = Debug|x86
		{E894DF23-8056-4B80-8707-2089566E6515}.Release|Any CPU.ActiveCfg = Release|Any CPU
		{E894DF23-8056-4B80-8707-2089566E6515}.Release|Any CPU.Build.0 = Release|Any CPU
		{E894DF23-8056-4B80-8707-2089566E6515}.Release|x64.ActiveCfg = Release|x64
		{E894DF23-8056-4B80-8707-2089566E6515}.Release|x64.Build.0 = Release|x64
		{E894DF23-8056-4B80-8707-2089566E6515}.Release|x86.ActiveCfg = Release|x86
		{E894DF23-8056-4B80-8707-2089566E6515}.Release|x86.Build.0 = Release|x86
		{2615071C-14B0-46DB-A7DC-1637F3CAFBF1}.Debug|Any CPU.ActiveCfg = Debug|Any CPU
		{2615071C-14B0-46DB-A7DC-1637F3CAFBF1}.Debug|Any CPU.Build.0 = Debug|Any CPU
		{2615071C-14B0-46DB-A7DC-1637F3CAFBF1}.Debug|x64.ActiveCfg = Debug|x64
		{2615071C-14B0-46DB-A7DC-1637F3CAFBF1}.Debug|x64.Build.0 = Debug|x64
		{2615071C-14B0-46DB-A7DC-1637F3CAFBF1}.Debug|x86.ActiveCfg = Debug|x86
		{2615071C-14B0-46DB-A7DC-1637F3CAFBF1}.Debug|x86.Build.0 = Debug|x86
		{2615071C-14B0-46DB-A7DC-1637F3CAFBF1}.Release|Any CPU.ActiveCfg = Release|Any CPU
		{2615071C-14B0-46DB-A7DC-1637F3CAFBF1}.Release|Any CPU.Build.0 = Release|Any CPU
		{2615071C-14B0-46DB-A7DC-1637F3CAFBF1}.Release|x64.ActiveCfg = Release|x64
		{2615071C-14B0-46DB-A7DC-1637F3CAFBF1}.Release|x64.Build.0 = Release|x64
		{2615071C-14B0-46DB-A7DC-1637F3CAFBF1}.Release|x86.ActiveCfg = Release|x86
		{2615071C-14B0-46DB-A7DC-1637F3CAFBF1}.Release|x86.Build.0 = Release|x86
		{CF97FA8A-EE79-4CB1-9FF2-F6C5C3F3C0C0}.Debug|Any CPU.ActiveCfg = Debug|Any CPU
		{CF97FA8A-EE79-4CB1-9FF2-F6C5C3F3C0C0}.Debug|Any CPU.Build.0 = Debug|Any CPU
		{CF97FA8A-EE79-4CB1-9FF2-F6C5C3F3C0C0}.Debug|x64.ActiveCfg = Debug|x64
		{CF97FA8A-EE79-4CB1-9FF2-F6C5C3F3C0C0}.Debug|x64.Build.0 = Debug|x64
		{CF97FA8A-EE79-4CB1-9FF2-F6C5C3F3C0C0}.Debug|x86.ActiveCfg = Debug|x86
		{CF97FA8A-EE79-4CB1-9FF2-F6C5C3F3C0C0}.Debug|x86.Build.0 = Debug|x86
		{CF97FA8A-EE79-4CB1-9FF2-F6C5C3F3C0C0}.Release|Any CPU.ActiveCfg = Release|Any CPU
		{CF97FA8A-EE79-4CB1-9FF2-F6C5C3F3C0C0}.Release|Any CPU.Build.0 = Release|Any CPU
		{CF97FA8A-EE79-4CB1-9FF2-F6C5C3F3C0C0}.Release|x64.ActiveCfg = Release|x64
		{CF97FA8A-EE79-4CB1-9FF2-F6C5C3F3C0C0}.Release|x64.Build.0 = Release|x64
		{CF97FA8A-EE79-4CB1-9FF2-F6C5C3F3C0C0}.Release|x86.ActiveCfg = Release|x86
		{CF97FA8A-EE79-4CB1-9FF2-F6C5C3F3C0C0}.Release|x86.Build.0 = Release|x86
		{A679D134-A249-4DBB-BC8E-E1F1D1A359ED}.Debug|Any CPU.ActiveCfg = Debug|Any CPU
		{A679D134-A249-4DBB-BC8E-E1F1D1A359ED}.Debug|Any CPU.Build.0 = Debug|Any CPU
		{A679D134-A249-4DBB-BC8E-E1F1D1A359ED}.Debug|x64.ActiveCfg = Debug|x64
		{A679D134-A249-4DBB-BC8E-E1F1D1A359ED}.Debug|x64.Build.0 = Debug|x64
		{A679D134-A249-4DBB-BC8E-E1F1D1A359ED}.Debug|x86.ActiveCfg = Debug|x86
		{A679D134-A249-4DBB-BC8E-E1F1D1A359ED}.Debug|x86.Build.0 = Debug|x86
		{A679D134-A249-4DBB-BC8E-E1F1D1A359ED}.Release|Any CPU.ActiveCfg = Release|Any CPU
		{A679D134-A249-4DBB-BC8E-E1F1D1A359ED}.Release|Any CPU.Build.0 = Release|Any CPU
		{A679D134-A249-4DBB-BC8E-E1F1D1A359ED}.Release|x64.ActiveCfg = Release|x64
		{A679D134-A249-4DBB-BC8E-E1F1D1A359ED}.Release|x64.Build.0 = Release|x64
		{A679D134-A249-4DBB-BC8E-E1F1D1A359ED}.Release|x86.ActiveCfg = Release|x86
		{A679D134-A249-4DBB-BC8E-E1F1D1A359ED}.Release|x86.Build.0 = Release|x86
		{2FF824DF-74A6-40ED-9953-0222FD52045A}.Debug|Any CPU.ActiveCfg = Debug|Any CPU
		{2FF824DF-74A6-40ED-9953-0222FD52045A}.Debug|Any CPU.Build.0 = Debug|Any CPU
		{2FF824DF-74A6-40ED-9953-0222FD52045A}.Debug|x64.ActiveCfg = Debug|x64
		{2FF824DF-74A6-40ED-9953-0222FD52045A}.Debug|x64.Build.0 = Debug|x64
		{2FF824DF-74A6-40ED-9953-0222FD52045A}.Debug|x86.ActiveCfg = Debug|x86
		{2FF824DF-74A6-40ED-9953-0222FD52045A}.Debug|x86.Build.0 = Debug|x86
		{2FF824DF-74A6-40ED-9953-0222FD52045A}.Release|Any CPU.ActiveCfg = Release|Any CPU
		{2FF824DF-74A6-40ED-9953-0222FD52045A}.Release|Any CPU.Build.0 = Release|Any CPU
		{2FF824DF-74A6-40ED-9953-0222FD52045A}.Release|x64.ActiveCfg = Release|x64
		{2FF824DF-74A6-40ED-9953-0222FD52045A}.Release|x64.Build.0 = Release|x64
		{2FF824DF-74A6-40ED-9953-0222FD52045A}.Release|x86.ActiveCfg = Release|x86
		{2FF824DF-74A6-40ED-9953-0222FD52045A}.Release|x86.Build.0 = Release|x86
		{3A424B22-FF53-4C43-B4E9-5BF93E32E376}.Debug|Any CPU.ActiveCfg = Debug|Any CPU
		{3A424B22-FF53-4C43-B4E9-5BF93E32E376}.Debug|Any CPU.Build.0 = Debug|Any CPU
		{3A424B22-FF53-4C43-B4E9-5BF93E32E376}.Debug|x64.ActiveCfg = Debug|x64
		{3A424B22-FF53-4C43-B4E9-5BF93E32E376}.Debug|x64.Build.0 = Debug|x64
		{3A424B22-FF53-4C43-B4E9-5BF93E32E376}.Debug|x86.ActiveCfg = Debug|x86
		{3A424B22-FF53-4C43-B4E9-5BF93E32E376}.Debug|x86.Build.0 = Debug|x86
		{3A424B22-FF53-4C43-B4E9-5BF93E32E376}.Release|Any CPU.ActiveCfg = Release|Any CPU
		{3A424B22-FF53-4C43-B4E9-5BF93E32E376}.Release|Any CPU.Build.0 = Release|Any CPU
		{3A424B22-FF53-4C43-B4E9-5BF93E32E376}.Release|x64.ActiveCfg = Release|x64
		{3A424B22-FF53-4C43-B4E9-5BF93E32E376}.Release|x64.Build.0 = Release|x64
		{3A424B22-FF53-4C43-B4E9-5BF93E32E376}.Release|x86.ActiveCfg = Release|x86
		{3A424B22-FF53-4C43-B4E9-5BF93E32E376}.Release|x86.Build.0 = Release|x86
		{D2DA0E59-7BB0-4F71-8BC5-D2B2384F04AE}.Debug|Any CPU.ActiveCfg = Debug|Any CPU
		{D2DA0E59-7BB0-4F71-8BC5-D2B2384F04AE}.Debug|Any CPU.Build.0 = Debug|Any CPU
		{D2DA0E59-7BB0-4F71-8BC5-D2B2384F04AE}.Debug|x64.ActiveCfg = Debug|x64
		{D2DA0E59-7BB0-4F71-8BC5-D2B2384F04AE}.Debug|x64.Build.0 = Debug|x64
		{D2DA0E59-7BB0-4F71-8BC5-D2B2384F04AE}.Debug|x86.ActiveCfg = Debug|x86
		{D2DA0E59-7BB0-4F71-8BC5-D2B2384F04AE}.Debug|x86.Build.0 = Debug|x86
		{D2DA0E59-7BB0-4F71-8BC5-D2B2384F04AE}.Release|Any CPU.ActiveCfg = Release|Any CPU
		{D2DA0E59-7BB0-4F71-8BC5-D2B2384F04AE}.Release|Any CPU.Build.0 = Release|Any CPU
		{D2DA0E59-7BB0-4F71-8BC5-D2B2384F04AE}.Release|x64.ActiveCfg = Release|x64
		{D2DA0E59-7BB0-4F71-8BC5-D2B2384F04AE}.Release|x64.Build.0 = Release|x64
		{D2DA0E59-7BB0-4F71-8BC5-D2B2384F04AE}.Release|x86.ActiveCfg = Release|x86
		{D2DA0E59-7BB0-4F71-8BC5-D2B2384F04AE}.Release|x86.Build.0 = Release|x86
		{0E1EFC35-96D6-4FF4-8B4D-005426E8AC21}.Debug|Any CPU.ActiveCfg = Debug|Any CPU
		{0E1EFC35-96D6-4FF4-8B4D-005426E8AC21}.Debug|Any CPU.Build.0 = Debug|Any CPU
		{0E1EFC35-96D6-4FF4-8B4D-005426E8AC21}.Debug|x64.ActiveCfg = Debug|x64
		{0E1EFC35-96D6-4FF4-8B4D-005426E8AC21}.Debug|x64.Build.0 = Debug|x64
		{0E1EFC35-96D6-4FF4-8B4D-005426E8AC21}.Debug|x86.ActiveCfg = Debug|x86
		{0E1EFC35-96D6-4FF4-8B4D-005426E8AC21}.Debug|x86.Build.0 = Debug|x86
		{0E1EFC35-96D6-4FF4-8B4D-005426E8AC21}.Release|Any CPU.ActiveCfg = Release|Any CPU
		{0E1EFC35-96D6-4FF4-8B4D-005426E8AC21}.Release|Any CPU.Build.0 = Release|Any CPU
		{0E1EFC35-96D6-4FF4-8B4D-005426E8AC21}.Release|x64.ActiveCfg = Release|x64
		{0E1EFC35-96D6-4FF4-8B4D-005426E8AC21}.Release|x64.Build.0 = Release|x64
		{0E1EFC35-96D6-4FF4-8B4D-005426E8AC21}.Release|x86.ActiveCfg = Release|x86
		{0E1EFC35-96D6-4FF4-8B4D-005426E8AC21}.Release|x86.Build.0 = Release|x86
		{874B1341-3AC9-4FF5-8E60-D78D8EEDF94B}.Debug|Any CPU.ActiveCfg = Debug|Any CPU
		{874B1341-3AC9-4FF5-8E60-D78D8EEDF94B}.Debug|Any CPU.Build.0 = Debug|Any CPU
		{874B1341-3AC9-4FF5-8E60-D78D8EEDF94B}.Debug|x64.ActiveCfg = Debug|Any CPU
		{874B1341-3AC9-4FF5-8E60-D78D8EEDF94B}.Debug|x64.Build.0 = Debug|Any CPU
		{874B1341-3AC9-4FF5-8E60-D78D8EEDF94B}.Debug|x86.ActiveCfg = Debug|Any CPU
		{874B1341-3AC9-4FF5-8E60-D78D8EEDF94B}.Debug|x86.Build.0 = Debug|Any CPU
		{874B1341-3AC9-4FF5-8E60-D78D8EEDF94B}.Release|Any CPU.ActiveCfg = Release|Any CPU
		{874B1341-3AC9-4FF5-8E60-D78D8EEDF94B}.Release|Any CPU.Build.0 = Release|Any CPU
		{874B1341-3AC9-4FF5-8E60-D78D8EEDF94B}.Release|x64.ActiveCfg = Release|Any CPU
		{874B1341-3AC9-4FF5-8E60-D78D8EEDF94B}.Release|x64.Build.0 = Release|Any CPU
		{874B1341-3AC9-4FF5-8E60-D78D8EEDF94B}.Release|x86.ActiveCfg = Release|Any CPU
		{874B1341-3AC9-4FF5-8E60-D78D8EEDF94B}.Release|x86.Build.0 = Release|Any CPU
	EndGlobalSection
	GlobalSection(SolutionProperties) = preSolution
		HideSolutionNode = FALSE
	EndGlobalSection
	GlobalSection(NestedProjects) = preSolution
		{2615071C-14B0-46DB-A7DC-1637F3CAFBF1} = {AA122C2F-45F2-45DE-A22F-C3292DDCCD40}
		{CF97FA8A-EE79-4CB1-9FF2-F6C5C3F3C0C0} = {AA122C2F-45F2-45DE-A22F-C3292DDCCD40}
		{A679D134-A249-4DBB-BC8E-E1F1D1A359ED} = {C4D757DA-7A50-4F48-976E-7CE0EEF8EA54}
		{2FF824DF-74A6-40ED-9953-0222FD52045A} = {C4D757DA-7A50-4F48-976E-7CE0EEF8EA54}
		{3A424B22-FF53-4C43-B4E9-5BF93E32E376} = {33B3BBFC-DE9F-43E7-82D6-A33777B90756}
		{D2DA0E59-7BB0-4F71-8BC5-D2B2384F04AE} = {D4375B68-4CAA-4288-B89D-8A2AE3033258}
		{0E1EFC35-96D6-4FF4-8B4D-005426E8AC21} = {A9E926B6-99CD-48D0-8A44-05AFBB41DDF6}
		{874B1341-3AC9-4FF5-8E60-D78D8EEDF94B} = {C4D757DA-7A50-4F48-976E-7CE0EEF8EA54}
	EndGlobalSection
	GlobalSection(ExtensibilityGlobals) = postSolution
		SolutionGuid = {87534DFC-1C0A-442E-8380-60B17880D0D9}
	EndGlobalSection
EndGlobal
